
Microsoft Visual Studio Solution File, Format Version 12.00
# Visual Studio Version 16
VisualStudioVersion = 16.0.30517.126
MinimumVisualStudioVersion = 10.0.40219.1
Project("{9A19103F-16F7-4668-BE54-9A1E7A4F7556}") = "servicebus-sender", "servicebus-sender\servicebus-sender.csproj", "{0B968F9C-ACE8-4741-8214-C1D0ED7AFE7C}"
EndProject
Project("{FAE04EC0-301F-11D3-BF4B-00C04F79EFBC}") = "servicebus-receiver", "servicebus-receiver\servicebus-receiver.csproj", "{A2A3EF2A-A481-4C0D-9070-145D62A7CCA4}"
EndProject
Project("{FAE04EC0-301F-11D3-BF4B-00C04F79EFBC}") = "servicebus-chat-console", "servicebus-chat-console\servicebus-chat-console.csproj", "{976C8FC9-D6AD-4260-9448-C6C85A5C7AB4}"
EndProject
Global
	GlobalSection(SolutionConfigurationPlatforms) = preSolution
		Debug|Any CPU = Debug|Any CPU
		Release|Any CPU = Release|Any CPU
	EndGlobalSection
	GlobalSection(ProjectConfigurationPlatforms) = postSolution
		{0B968F9C-ACE8-4741-8214-C1D0ED7AFE7C}.Debug|Any CPU.ActiveCfg = Debug|Any CPU
		{0B968F9C-ACE8-4741-8214-C1D0ED7AFE7C}.Debug|Any CPU.Build.0 = Debug|Any CPU
		{0B968F9C-ACE8-4741-8214-C1D0ED7AFE7C}.Release|Any CPU.ActiveCfg = Release|Any CPU
		{0B968F9C-ACE8-4741-8214-C1D0ED7AFE7C}.Release|Any CPU.Build.0 = Release|Any CPU
		{A2A3EF2A-A481-4C0D-9070-145D62A7CCA4}.Debug|Any CPU.ActiveCfg = Debug|Any CPU
		{A2A3EF2A-A481-4C0D-9070-145D62A7CCA4}.Debug|Any CPU.Build.0 = Debug|Any CPU
		{A2A3EF2A-A481-4C0D-9070-145D62A7CCA4}.Release|Any CPU.ActiveCfg = Release|Any CPU
		{A2A3EF2A-A481-4C0D-9070-145D62A7CCA4}.Release|Any CPU.Build.0 = Release|Any CPU
		{976C8FC9-D6AD-4260-9448-C6C85A5C7AB4}.Debug|Any CPU.ActiveCfg = Debug|Any CPU
		{976C8FC9-D6AD-4260-9448-C6C85A5C7AB4}.Debug|Any CPU.Build.0 = Debug|Any CPU
		{976C8FC9-D6AD-4260-9448-C6C85A5C7AB4}.Release|Any CPU.ActiveCfg = Release|Any CPU
		{976C8FC9-D6AD-4260-9448-C6C85A5C7AB4}.Release|Any CPU.Build.0 = Release|Any CPU
	EndGlobalSection
	GlobalSection(SolutionProperties) = preSolution
		HideSolutionNode = FALSE
	EndGlobalSection
	GlobalSection(ExtensibilityGlobals) = postSolution
		SolutionGuid = {AE4D3327-C0C8-4ED9-B095-CDCDD2AC2891}
	EndGlobalSection
EndGlobal
